// !$*UTF8*$!
{
	archiveVersion = 1;
	classes = {
	};
	objectVersion = 50;
	objects = {

/* Begin PBXBuildFile section */
		6706E1C3217C9F6200FFDB58 /* AppDelegate.swift in Sources */ = {isa = PBXBuildFile; fileRef = 6706E1C2217C9F6200FFDB58 /* AppDelegate.swift */; };
		6706E1C5217C9F6300FFDB58 /* FlickrSearchViewController.swift in Sources */ = {isa = PBXBuildFile; fileRef = 6706E1C4217C9F6300FFDB58 /* FlickrSearchViewController.swift */; };
		6706E1C8217C9F6300FFDB58 /* Main.storyboard in Resources */ = {isa = PBXBuildFile; fileRef = 6706E1C6217C9F6300FFDB58 /* Main.storyboard */; };
		6706E1CA217C9F6400FFDB58 /* Assets.xcassets in Resources */ = {isa = PBXBuildFile; fileRef = 6706E1C9217C9F6400FFDB58 /* Assets.xcassets */; };
		6706E1CD217C9F6400FFDB58 /* LaunchScreen.storyboard in Resources */ = {isa = PBXBuildFile; fileRef = 6706E1CB217C9F6400FFDB58 /* LaunchScreen.storyboard */; };
		6706E1E3217C9F6400FFDB58 /* FlickrGalleryUITests.swift in Sources */ = {isa = PBXBuildFile; fileRef = 6706E1E2217C9F6400FFDB58 /* FlickrGalleryUITests.swift */; };
		6706E1F3217CA3D300FFDB58 /* FlickrImageCollectionViewCell.swift in Sources */ = {isa = PBXBuildFile; fileRef = 6706E1F2217CA3D300FFDB58 /* FlickrImageCollectionViewCell.swift */; };
		6706E1F5217CE81A00FFDB58 /* API.swift in Sources */ = {isa = PBXBuildFile; fileRef = 6706E1F4217CE81A00FFDB58 /* API.swift */; };
		6706E1F7217D03C500FFDB58 /* API.Flickr.swift in Sources */ = {isa = PBXBuildFile; fileRef = 6706E1F6217D03C500FFDB58 /* API.Flickr.swift */; };
		6706E1F9217D06C600FFDB58 /* FlickrSearchResponseModel.swift in Sources */ = {isa = PBXBuildFile; fileRef = 6706E1F8217D06C600FFDB58 /* FlickrSearchResponseModel.swift */; };
		6706E1FD217D4CB200FFDB58 /* ImageDownloadManager.swift in Sources */ = {isa = PBXBuildFile; fileRef = 6706E1FC217D4CB200FFDB58 /* ImageDownloadManager.swift */; };
		6706E203217DB13B00FFDB58 /* FlickrSearchResponseModelTests.swift in Sources */ = {isa = PBXBuildFile; fileRef = 6706E202217DB13B00FFDB58 /* FlickrSearchResponseModelTests.swift */; };
		6706E205217DB35C00FFDB58 /* TestData.swift in Sources */ = {isa = PBXBuildFile; fileRef = 6706E204217DB35C00FFDB58 /* TestData.swift */; };
		6706E208217DC90C00FFDB58 /* SearchResponseTestData.swift in Sources */ = {isa = PBXBuildFile; fileRef = 6706E207217DC90C00FFDB58 /* SearchResponseTestData.swift */; };
		6706E20C217DD69E00FFDB58 /* FlickrSearchViewControllerTests.swift in Sources */ = {isa = PBXBuildFile; fileRef = 6706E20B217DD69E00FFDB58 /* FlickrSearchViewControllerTests.swift */; };
/* End PBXBuildFile section */

/* Begin PBXContainerItemProxy section */
		6706E1D4217C9F6400FFDB58 /* PBXContainerItemProxy */ = {
			isa = PBXContainerItemProxy;
			containerPortal = 6706E1B7217C9F6200FFDB58 /* Project object */;
			proxyType = 1;
			remoteGlobalIDString = 6706E1BE217C9F6200FFDB58;
			remoteInfo = FlickrGallery;
		};
		6706E1DF217C9F6400FFDB58 /* PBXContainerItemProxy */ = {
			isa = PBXContainerItemProxy;
			containerPortal = 6706E1B7217C9F6200FFDB58 /* Project object */;
			proxyType = 1;
			remoteGlobalIDString = 6706E1BE217C9F6200FFDB58;
			remoteInfo = FlickrGallery;
		};
/* End PBXContainerItemProxy section */

/* Begin PBXFileReference section */
		6706E1BF217C9F6200FFDB58 /* FlickrGallery.app */ = {isa = PBXFileReference; explicitFileType = wrapper.application; includeInIndex = 0; path = FlickrGallery.app; sourceTree = BUILT_PRODUCTS_DIR; };
		6706E1C2217C9F6200FFDB58 /* AppDelegate.swift */ = {isa = PBXFileReference; lastKnownFileType = sourcecode.swift; path = AppDelegate.swift; sourceTree = "<group>"; };
		6706E1C4217C9F6300FFDB58 /* FlickrSearchViewController.swift */ = {isa = PBXFileReference; lastKnownFileType = sourcecode.swift; path = FlickrSearchViewController.swift; sourceTree = "<group>"; };
		6706E1C7217C9F6300FFDB58 /* Base */ = {isa = PBXFileReference; lastKnownFileType = file.storyboard; name = Base; path = Base.lproj/Main.storyboard; sourceTree = "<group>"; };
		6706E1C9217C9F6400FFDB58 /* Assets.xcassets */ = {isa = PBXFileReference; lastKnownFileType = folder.assetcatalog; path = Assets.xcassets; sourceTree = "<group>"; };
		6706E1CC217C9F6400FFDB58 /* Base */ = {isa = PBXFileReference; lastKnownFileType = file.storyboard; name = Base; path = Base.lproj/LaunchScreen.storyboard; sourceTree = "<group>"; };
		6706E1CE217C9F6400FFDB58 /* Info.plist */ = {isa = PBXFileReference; lastKnownFileType = text.plist.xml; path = Info.plist; sourceTree = "<group>"; };
		6706E1D3217C9F6400FFDB58 /* FlickrGalleryTests.xctest */ = {isa = PBXFileReference; explicitFileType = wrapper.cfbundle; includeInIndex = 0; path = FlickrGalleryTests.xctest; sourceTree = BUILT_PRODUCTS_DIR; };
		6706E1D9217C9F6400FFDB58 /* Info.plist */ = {isa = PBXFileReference; lastKnownFileType = text.plist.xml; path = Info.plist; sourceTree = "<group>"; };
		6706E1DE217C9F6400FFDB58 /* FlickrGalleryUITests.xctest */ = {isa = PBXFileReference; explicitFileType = wrapper.cfbundle; includeInIndex = 0; path = FlickrGalleryUITests.xctest; sourceTree = BUILT_PRODUCTS_DIR; };
		6706E1E2217C9F6400FFDB58 /* FlickrGalleryUITests.swift */ = {isa = PBXFileReference; lastKnownFileType = sourcecode.swift; path = FlickrGalleryUITests.swift; sourceTree = "<group>"; };
		6706E1E4217C9F6400FFDB58 /* Info.plist */ = {isa = PBXFileReference; lastKnownFileType = text.plist.xml; path = Info.plist; sourceTree = "<group>"; };
		6706E1F2217CA3D300FFDB58 /* FlickrImageCollectionViewCell.swift */ = {isa = PBXFileReference; lastKnownFileType = sourcecode.swift; path = FlickrImageCollectionViewCell.swift; sourceTree = "<group>"; };
		6706E1F4217CE81A00FFDB58 /* API.swift */ = {isa = PBXFileReference; lastKnownFileType = sourcecode.swift; path = API.swift; sourceTree = "<group>"; };
		6706E1F6217D03C500FFDB58 /* API.Flickr.swift */ = {isa = PBXFileReference; lastKnownFileType = sourcecode.swift; path = API.Flickr.swift; sourceTree = "<group>"; };
		6706E1F8217D06C600FFDB58 /* FlickrSearchResponseModel.swift */ = {isa = PBXFileReference; lastKnownFileType = sourcecode.swift; path = FlickrSearchResponseModel.swift; sourceTree = "<group>"; };
		6706E1FC217D4CB200FFDB58 /* ImageDownloadManager.swift */ = {isa = PBXFileReference; lastKnownFileType = sourcecode.swift; path = ImageDownloadManager.swift; sourceTree = "<group>"; };
		6706E202217DB13B00FFDB58 /* FlickrSearchResponseModelTests.swift */ = {isa = PBXFileReference; lastKnownFileType = sourcecode.swift; path = FlickrSearchResponseModelTests.swift; sourceTree = "<group>"; };
		6706E204217DB35C00FFDB58 /* TestData.swift */ = {isa = PBXFileReference; lastKnownFileType = sourcecode.swift; path = TestData.swift; sourceTree = "<group>"; };
		6706E207217DC90C00FFDB58 /* SearchResponseTestData.swift */ = {isa = PBXFileReference; lastKnownFileType = sourcecode.swift; path = SearchResponseTestData.swift; sourceTree = "<group>"; };
		6706E20B217DD69E00FFDB58 /* FlickrSearchViewControllerTests.swift */ = {isa = PBXFileReference; lastKnownFileType = sourcecode.swift; path = FlickrSearchViewControllerTests.swift; sourceTree = "<group>"; };
/* End PBXFileReference section */

/* Begin PBXFrameworksBuildPhase section */
		6706E1BC217C9F6200FFDB58 /* Frameworks */ = {
			isa = PBXFrameworksBuildPhase;
			buildActionMask = 2147483647;
			files = (
			);
			runOnlyForDeploymentPostprocessing = 0;
		};
		6706E1D0217C9F6400FFDB58 /* Frameworks */ = {
			isa = PBXFrameworksBuildPhase;
			buildActionMask = 2147483647;
			files = (
			);
			runOnlyForDeploymentPostprocessing = 0;
		};
		6706E1DB217C9F6400FFDB58 /* Frameworks */ = {
			isa = PBXFrameworksBuildPhase;
			buildActionMask = 2147483647;
			files = (
			);
			runOnlyForDeploymentPostprocessing = 0;
		};
/* End PBXFrameworksBuildPhase section */

/* Begin PBXGroup section */
		6706E1B6217C9F6200FFDB58 = {
			isa = PBXGroup;
			children = (
				6706E1C1217C9F6200FFDB58 /* FlickrGallery */,
				6706E1D6217C9F6400FFDB58 /* FlickrGalleryTests */,
				6706E1E1217C9F6400FFDB58 /* FlickrGalleryUITests */,
				6706E1C0217C9F6200FFDB58 /* Products */,
			);
			sourceTree = "<group>";
		};
		6706E1C0217C9F6200FFDB58 /* Products */ = {
			isa = PBXGroup;
			children = (
				6706E1BF217C9F6200FFDB58 /* FlickrGallery.app */,
				6706E1D3217C9F6400FFDB58 /* FlickrGalleryTests.xctest */,
				6706E1DE217C9F6400FFDB58 /* FlickrGalleryUITests.xctest */,
			);
			name = Products;
			sourceTree = "<group>";
		};
		6706E1C1217C9F6200FFDB58 /* FlickrGallery */ = {
			isa = PBXGroup;
			children = (
				6706E1C2217C9F6200FFDB58 /* AppDelegate.swift */,
				6706E1C6217C9F6300FFDB58 /* Main.storyboard */,
				6706E1C9217C9F6400FFDB58 /* Assets.xcassets */,
				6706E1CB217C9F6400FFDB58 /* LaunchScreen.storyboard */,
				6706E1CE217C9F6400FFDB58 /* Info.plist */,
				6706E1FE217D5E5A00FFDB58 /* APIs */,
				6706E1FF217D5E6E00FFDB58 /* Models */,
				6706E201217D5EC500FFDB58 /* Search */,
				6706E200217D5E8500FFDB58 /* Utility */,
			);
			path = FlickrGallery;
			sourceTree = "<group>";
		};
		6706E1D6217C9F6400FFDB58 /* FlickrGalleryTests */ = {
			isa = PBXGroup;
			children = (
				6706E1D9217C9F6400FFDB58 /* Info.plist */,
				6706E202217DB13B00FFDB58 /* FlickrSearchResponseModelTests.swift */,
				6706E20B217DD69E00FFDB58 /* FlickrSearchViewControllerTests.swift */,
				6706E206217DB36300FFDB58 /* TestData */,
			);
			path = FlickrGalleryTests;
			sourceTree = "<group>";
		};
		6706E1E1217C9F6400FFDB58 /* FlickrGalleryUITests */ = {
			isa = PBXGroup;
			children = (
				6706E1E2217C9F6400FFDB58 /* FlickrGalleryUITests.swift */,
				6706E1E4217C9F6400FFDB58 /* Info.plist */,
			);
			path = FlickrGalleryUITests;
			sourceTree = "<group>";
		};
		6706E1FE217D5E5A00FFDB58 /* APIs */ = {
			isa = PBXGroup;
			children = (
				6706E1F4217CE81A00FFDB58 /* API.swift */,
				6706E1F6217D03C500FFDB58 /* API.Flickr.swift */,
			);
			path = APIs;
			sourceTree = "<group>";
		};
		6706E1FF217D5E6E00FFDB58 /* Models */ = {
			isa = PBXGroup;
			children = (
				6706E1F8217D06C600FFDB58 /* FlickrSearchResponseModel.swift */,
			);
			path = Models;
			sourceTree = "<group>";
		};
		6706E200217D5E8500FFDB58 /* Utility */ = {
			isa = PBXGroup;
			children = (
				6706E1FC217D4CB200FFDB58 /* ImageDownloadManager.swift */,
			);
			path = Utility;
			sourceTree = "<group>";
		};
		6706E201217D5EC500FFDB58 /* Search */ = {
			isa = PBXGroup;
			children = (
				6706E1C4217C9F6300FFDB58 /* FlickrSearchViewController.swift */,
				6706E1F2217CA3D300FFDB58 /* FlickrImageCollectionViewCell.swift */,
			);
			path = Search;
			sourceTree = "<group>";
		};
		6706E206217DB36300FFDB58 /* TestData */ = {
			isa = PBXGroup;
			children = (
				6706E204217DB35C00FFDB58 /* TestData.swift */,
				6706E207217DC90C00FFDB58 /* SearchResponseTestData.swift */,
			);
			path = TestData;
			sourceTree = "<group>";
		};
/* End PBXGroup section */

/* Begin PBXNativeTarget section */
		6706E1BE217C9F6200FFDB58 /* FlickrGallery */ = {
			isa = PBXNativeTarget;
			buildConfigurationList = 6706E1E7217C9F6400FFDB58 /* Build configuration list for PBXNativeTarget "FlickrGallery" */;
			buildPhases = (
				6706E1BB217C9F6200FFDB58 /* Sources */,
				6706E1BC217C9F6200FFDB58 /* Frameworks */,
				6706E1BD217C9F6200FFDB58 /* Resources */,
			);
			buildRules = (
			);
			dependencies = (
			);
			name = FlickrGallery;
			productName = FlickrGallery;
			productReference = 6706E1BF217C9F6200FFDB58 /* FlickrGallery.app */;
			productType = "com.apple.product-type.application";
		};
		6706E1D2217C9F6400FFDB58 /* FlickrGalleryTests */ = {
			isa = PBXNativeTarget;
			buildConfigurationList = 6706E1EA217C9F6400FFDB58 /* Build configuration list for PBXNativeTarget "FlickrGalleryTests" */;
			buildPhases = (
				6706E1CF217C9F6400FFDB58 /* Sources */,
				6706E1D0217C9F6400FFDB58 /* Frameworks */,
				6706E1D1217C9F6400FFDB58 /* Resources */,
			);
			buildRules = (
			);
			dependencies = (
				6706E1D5217C9F6400FFDB58 /* PBXTargetDependency */,
			);
			name = FlickrGalleryTests;
			productName = FlickrGalleryTests;
			productReference = 6706E1D3217C9F6400FFDB58 /* FlickrGalleryTests.xctest */;
			productType = "com.apple.product-type.bundle.unit-test";
		};
		6706E1DD217C9F6400FFDB58 /* FlickrGalleryUITests */ = {
			isa = PBXNativeTarget;
			buildConfigurationList = 6706E1ED217C9F6400FFDB58 /* Build configuration list for PBXNativeTarget "FlickrGalleryUITests" */;
			buildPhases = (
				6706E1DA217C9F6400FFDB58 /* Sources */,
				6706E1DB217C9F6400FFDB58 /* Frameworks */,
				6706E1DC217C9F6400FFDB58 /* Resources */,
			);
			buildRules = (
			);
			dependencies = (
				6706E1E0217C9F6400FFDB58 /* PBXTargetDependency */,
			);
			name = FlickrGalleryUITests;
			productName = FlickrGalleryUITests;
			productReference = 6706E1DE217C9F6400FFDB58 /* FlickrGalleryUITests.xctest */;
			productType = "com.apple.product-type.bundle.ui-testing";
		};
/* End PBXNativeTarget section */

/* Begin PBXProject section */
		6706E1B7217C9F6200FFDB58 /* Project object */ = {
			isa = PBXProject;
			attributes = {
				LastSwiftUpdateCheck = 0940;
				LastUpgradeCheck = 0940;
				ORGANIZATIONNAME = Keshwendu;
				TargetAttributes = {
					6706E1BE217C9F6200FFDB58 = {
						CreatedOnToolsVersion = 9.4.1;
					};
					6706E1D2217C9F6400FFDB58 = {
						CreatedOnToolsVersion = 9.4.1;
						TestTargetID = 6706E1BE217C9F6200FFDB58;
					};
					6706E1DD217C9F6400FFDB58 = {
						CreatedOnToolsVersion = 9.4.1;
						TestTargetID = 6706E1BE217C9F6200FFDB58;
					};
				};
			};
			buildConfigurationList = 6706E1BA217C9F6200FFDB58 /* Build configuration list for PBXProject "FlickrGallery" */;
			compatibilityVersion = "Xcode 9.3";
			developmentRegion = en;
			hasScannedForEncodings = 0;
			knownRegions = (
				en,
				Base,
			);
			mainGroup = 6706E1B6217C9F6200FFDB58;
			productRefGroup = 6706E1C0217C9F6200FFDB58 /* Products */;
			projectDirPath = "";
			projectRoot = "";
			targets = (
				6706E1BE217C9F6200FFDB58 /* FlickrGallery */,
				6706E1D2217C9F6400FFDB58 /* FlickrGalleryTests */,
				6706E1DD217C9F6400FFDB58 /* FlickrGalleryUITests */,
			);
		};
/* End PBXProject section */

/* Begin PBXResourcesBuildPhase section */
		6706E1BD217C9F6200FFDB58 /* Resources */ = {
			isa = PBXResourcesBuildPhase;
			buildActionMask = 2147483647;
			files = (
				6706E1CD217C9F6400FFDB58 /* LaunchScreen.storyboard in Resources */,
				6706E1CA217C9F6400FFDB58 /* Assets.xcassets in Resources */,
				6706E1C8217C9F6300FFDB58 /* Main.storyboard in Resources */,
			);
			runOnlyForDeploymentPostprocessing = 0;
		};
		6706E1D1217C9F6400FFDB58 /* Resources */ = {
			isa = PBXResourcesBuildPhase;
			buildActionMask = 2147483647;
			files = (
			);
			runOnlyForDeploymentPostprocessing = 0;
		};
		6706E1DC217C9F6400FFDB58 /* Resources */ = {
			isa = PBXResourcesBuildPhase;
			buildActionMask = 2147483647;
			files = (
			);
			runOnlyForDeploymentPostprocessing = 0;
		};
/* End PBXResourcesBuildPhase section */

/* Begin PBXSourcesBuildPhase section */
		6706E1BB217C9F6200FFDB58 /* Sources */ = {
			isa = PBXSourcesBuildPhase;
			buildActionMask = 2147483647;
			files = (
				6706E1F7217D03C500FFDB58 /* API.Flickr.swift in Sources */,
				6706E1C5217C9F6300FFDB58 /* FlickrSearchViewController.swift in Sources */,
				6706E1C3217C9F6200FFDB58 /* AppDelegate.swift in Sources */,
				6706E1FD217D4CB200FFDB58 /* ImageDownloadManager.swift in Sources */,
				6706E1F5217CE81A00FFDB58 /* API.swift in Sources */,
				6706E1F3217CA3D300FFDB58 /* FlickrImageCollectionViewCell.swift in Sources */,
				6706E1F9217D06C600FFDB58 /* FlickrSearchResponseModel.swift in Sources */,
			);
			runOnlyForDeploymentPostprocessing = 0;
		};
		6706E1CF217C9F6400FFDB58 /* Sources */ = {
			isa = PBXSourcesBuildPhase;
			buildActionMask = 2147483647;
			files = (
				6706E205217DB35C00FFDB58 /* TestData.swift in Sources */,
				6706E20C217DD69E00FFDB58 /* FlickrSearchViewControllerTests.swift in Sources */,
				6706E208217DC90C00FFDB58 /* SearchResponseTestData.swift in Sources */,
				6706E203217DB13B00FFDB58 /* FlickrSearchResponseModelTests.swift in Sources */,
			);
			runOnlyForDeploymentPostprocessing = 0;
		};
		6706E1DA217C9F6400FFDB58 /* Sources */ = {
			isa = PBXSourcesBuildPhase;
			buildActionMask = 2147483647;
			files = (
				6706E1E3217C9F6400FFDB58 /* FlickrGalleryUITests.swift in Sources */,
			);
			runOnlyForDeploymentPostprocessing = 0;
		};
/* End PBXSourcesBuildPhase section */

/* Begin PBXTargetDependency section */
		6706E1D5217C9F6400FFDB58 /* PBXTargetDependency */ = {
			isa = PBXTargetDependency;
			target = 6706E1BE217C9F6200FFDB58 /* FlickrGallery */;
			targetProxy = 6706E1D4217C9F6400FFDB58 /* PBXContainerItemProxy */;
		};
		6706E1E0217C9F6400FFDB58 /* PBXTargetDependency */ = {
			isa = PBXTargetDependency;
			target = 6706E1BE217C9F6200FFDB58 /* FlickrGallery */;
			targetProxy = 6706E1DF217C9F6400FFDB58 /* PBXContainerItemProxy */;
		};
/* End PBXTargetDependency section */

/* Begin PBXVariantGroup section */
		6706E1C6217C9F6300FFDB58 /* Main.storyboard */ = {
			isa = PBXVariantGroup;
			children = (
				6706E1C7217C9F6300FFDB58 /* Base */,
			);
			name = Main.storyboard;
			sourceTree = "<group>";
		};
		6706E1CB217C9F6400FFDB58 /* LaunchScreen.storyboard */ = {
			isa = PBXVariantGroup;
			children = (
				6706E1CC217C9F6400FFDB58 /* Base */,
			);
			name = LaunchScreen.storyboard;
			sourceTree = "<group>";
		};
/* End PBXVariantGroup section */

/* Begin XCBuildConfiguration section */
		6706E1E5217C9F6400FFDB58 /* Debug */ = {
			isa = XCBuildConfiguration;
			buildSettings = {
				ALWAYS_SEARCH_USER_PATHS = NO;
				CLANG_ANALYZER_NONNULL = YES;
				CLANG_ANALYZER_NUMBER_OBJECT_CONVERSION = YES_AGGRESSIVE;
				CLANG_CXX_LANGUAGE_STANDARD = "gnu++14";
				CLANG_CXX_LIBRARY = "libc++";
				CLANG_ENABLE_MODULES = YES;
				CLANG_ENABLE_OBJC_ARC = YES;
				CLANG_ENABLE_OBJC_WEAK = YES;
				CLANG_WARN_BLOCK_CAPTURE_AUTORELEASING = YES;
				CLANG_WARN_BOOL_CONVERSION = YES;
				CLANG_WARN_COMMA = YES;
				CLANG_WARN_CONSTANT_CONVERSION = YES;
				CLANG_WARN_DEPRECATED_OBJC_IMPLEMENTATIONS = YES;
				CLANG_WARN_DIRECT_OBJC_ISA_USAGE = YES_ERROR;
				CLANG_WARN_DOCUMENTATION_COMMENTS = YES;
				CLANG_WARN_EMPTY_BODY = YES;
				CLANG_WARN_ENUM_CONVERSION = YES;
				CLANG_WARN_INFINITE_RECURSION = YES;
				CLANG_WARN_INT_CONVERSION = YES;
				CLANG_WARN_NON_LITERAL_NULL_CONVERSION = YES;
				CLANG_WARN_OBJC_IMPLICIT_RETAIN_SELF = YES;
				CLANG_WARN_OBJC_LITERAL_CONVERSION = YES;
				CLANG_WARN_OBJC_ROOT_CLASS = YES_ERROR;
				CLANG_WARN_RANGE_LOOP_ANALYSIS = YES;
				CLANG_WARN_STRICT_PROTOTYPES = YES;
				CLANG_WARN_SUSPICIOUS_MOVE = YES;
				CLANG_WARN_UNGUARDED_AVAILABILITY = YES_AGGRESSIVE;
				CLANG_WARN_UNREACHABLE_CODE = YES;
				CLANG_WARN__DUPLICATE_METHOD_MATCH = YES;
				CODE_SIGN_IDENTITY = "iPhone Developer";
				COPY_PHASE_STRIP = NO;
				DEBUG_INFORMATION_FORMAT = dwarf;
				ENABLE_STRICT_OBJC_MSGSEND = YES;
				ENABLE_TESTABILITY = YES;
				GCC_C_LANGUAGE_STANDARD = gnu11;
				GCC_DYNAMIC_NO_PIC = NO;
				GCC_NO_COMMON_BLOCKS = YES;
				GCC_OPTIMIZATION_LEVEL = 0;
				GCC_PREPROCESSOR_DEFINITIONS = (
					"DEBUG=1",
					"$(inherited)",
				);
				GCC_WARN_64_TO_32_BIT_CONVERSION = YES;
				GCC_WARN_ABOUT_RETURN_TYPE = YES_ERROR;
				GCC_WARN_UNDECLARED_SELECTOR = YES;
				GCC_WARN_UNINITIALIZED_AUTOS = YES_AGGRESSIVE;
				GCC_WARN_UNUSED_FUNCTION = YES;
				GCC_WARN_UNUSED_VARIABLE = YES;
				IPHONEOS_DEPLOYMENT_TARGET = 11.4;
				MTL_ENABLE_DEBUG_INFO = YES;
				ONLY_ACTIVE_ARCH = YES;
				SDKROOT = iphoneos;
				SWIFT_ACTIVE_COMPILATION_CONDITIONS = DEBUG;
				SWIFT_OPTIMIZATION_LEVEL = "-Onone";
			};
			name = Debug;
		};
		6706E1E6217C9F6400FFDB58 /* Release */ = {
			isa = XCBuildConfiguration;
			buildSettings = {
				ALWAYS_SEARCH_USER_PATHS = NO;
				CLANG_ANALYZER_NONNULL = YES;
				CLANG_ANALYZER_NUMBER_OBJECT_CONVERSION = YES_AGGRESSIVE;
				CLANG_CXX_LANGUAGE_STANDARD = "gnu++14";
				CLANG_CXX_LIBRARY = "libc++";
				CLANG_ENABLE_MODULES = YES;
				CLANG_ENABLE_OBJC_ARC = YES;
				CLANG_ENABLE_OBJC_WEAK = YES;
				CLANG_WARN_BLOCK_CAPTURE_AUTORELEASING = YES;
				CLANG_WARN_BOOL_CONVERSION = YES;
				CLANG_WARN_COMMA = YES;
				CLANG_WARN_CONSTANT_CONVERSION = YES;
				CLANG_WARN_DEPRECATED_OBJC_IMPLEMENTATIONS = YES;
				CLANG_WARN_DIRECT_OBJC_ISA_USAGE = YES_ERROR;
				CLANG_WARN_DOCUMENTATION_COMMENTS = YES;
				CLANG_WARN_EMPTY_BODY = YES;
				CLANG_WARN_ENUM_CONVERSION = YES;
				CLANG_WARN_INFINITE_RECURSION = YES;
				CLANG_WARN_INT_CONVERSION = YES;
				CLANG_WARN_NON_LITERAL_NULL_CONVERSION = YES;
				CLANG_WARN_OBJC_IMPLICIT_RETAIN_SELF = YES;
				CLANG_WARN_OBJC_LITERAL_CONVERSION = YES;
				CLANG_WARN_OBJC_ROOT_CLASS = YES_ERROR;
				CLANG_WARN_RANGE_LOOP_ANALYSIS = YES;
				CLANG_WARN_STRICT_PROTOTYPES = YES;
				CLANG_WARN_SUSPICIOUS_MOVE = YES;
				CLANG_WARN_UNGUARDED_AVAILABILITY = YES_AGGRESSIVE;
				CLANG_WARN_UNREACHABLE_CODE = YES;
				CLANG_WARN__DUPLICATE_METHOD_MATCH = YES;
				CODE_SIGN_IDENTITY = "iPhone Developer";
				COPY_PHASE_STRIP = NO;
				DEBUG_INFORMATION_FORMAT = "dwarf-with-dsym";
				ENABLE_NS_ASSERTIONS = NO;
				ENABLE_STRICT_OBJC_MSGSEND = YES;
				GCC_C_LANGUAGE_STANDARD = gnu11;
				GCC_NO_COMMON_BLOCKS = YES;
				GCC_WARN_64_TO_32_BIT_CONVERSION = YES;
				GCC_WARN_ABOUT_RETURN_TYPE = YES_ERROR;
				GCC_WARN_UNDECLARED_SELECTOR = YES;
				GCC_WARN_UNINITIALIZED_AUTOS = YES_AGGRESSIVE;
				GCC_WARN_UNUSED_FUNCTION = YES;
				GCC_WARN_UNUSED_VARIABLE = YES;
				IPHONEOS_DEPLOYMENT_TARGET = 11.4;
				MTL_ENABLE_DEBUG_INFO = NO;
				SDKROOT = iphoneos;
				SWIFT_COMPILATION_MODE = wholemodule;
				SWIFT_OPTIMIZATION_LEVEL = "-O";
				VALIDATE_PRODUCT = YES;
			};
			name = Release;
		};
		6706E1E8217C9F6400FFDB58 /* Debug */ = {
			isa = XCBuildConfiguration;
			buildSettings = {
				ASSETCATALOG_COMPILER_APPICON_NAME = AppIcon;
				CODE_SIGN_STYLE = Automatic;
				DEVELOPMENT_TEAM = 6V4KXR9W6H;
				INFOPLIST_FILE = FlickrGallery/Info.plist;
				LD_RUNPATH_SEARCH_PATHS = (
					"$(inherited)",
					"@executable_path/Frameworks",
				);
				PRODUCT_BUNDLE_IDENTIFIER = com.keshwendu.FlickrGallery;
				PRODUCT_NAME = "$(TARGET_NAME)";
				SWIFT_VERSION = 4.0;
				TARGETED_DEVICE_FAMILY = "1,2";
			};
			name = Debug;
		};
		6706E1E9217C9F6400FFDB58 /* Release */ = {
			isa = XCBuildConfiguration;
			buildSettings = {
				ASSETCATALOG_COMPILER_APPICON_NAME = AppIcon;
				CODE_SIGN_STYLE = Automatic;
				DEVELOPMENT_TEAM = 6V4KXR9W6H;
				INFOPLIST_FILE = FlickrGallery/Info.plist;
				LD_RUNPATH_SEARCH_PATHS = (
					"$(inherited)",
					"@executable_path/Frameworks",
				);
				PRODUCT_BUNDLE_IDENTIFIER = com.keshwendu.FlickrGallery;
				PRODUCT_NAME = "$(TARGET_NAME)";
				SWIFT_VERSION = 4.0;
				TARGETED_DEVICE_FAMILY = "1,2";
			};
			name = Release;
		};
		6706E1EB217C9F6400FFDB58 /* Debug */ = {
			isa = XCBuildConfiguration;
			buildSettings = {
				ALWAYS_EMBED_SWIFT_STANDARD_LIBRARIES = YES;
				BUNDLE_LOADER = "$(TEST_HOST)";
				CODE_SIGN_STYLE = Automatic;
				DEVELOPMENT_TEAM = 6V4KXR9W6H;
				INFOPLIST_FILE = FlickrGalleryTests/Info.plist;
				LD_RUNPATH_SEARCH_PATHS = (
					"$(inherited)",
					"@executable_path/Frameworks",
					"@loader_path/Frameworks",
				);
				PRODUCT_BUNDLE_IDENTIFIER = com.keshwendu.FlickrGalleryTests;
				PRODUCT_NAME = "$(TARGET_NAME)";
				SWIFT_VERSION = 4.0;
				TARGETED_DEVICE_FAMILY = "1,2";
				TEST_HOST = "$(BUILT_PRODUCTS_DIR)/FlickrGallery.app/FlickrGallery";
			};
			name = Debug;
		};
		6706E1EC217C9F6400FFDB58 /* Release */ = {
			isa = XCBuildConfiguration;
			buildSettings = {
				ALWAYS_EMBED_SWIFT_STANDARD_LIBRARIES = YES;
				BUNDLE_LOADER = "$(TEST_HOST)";
				CODE_SIGN_STYLE = Automatic;
				DEVELOPMENT_TEAM = 6V4KXR9W6H;
				INFOPLIST_FILE = FlickrGalleryTests/Info.plist;
				LD_RUNPATH_SEARCH_PATHS = (
					"$(inherited)",
					"@executable_path/Frameworks",
					"@loader_path/Frameworks",
				);
				PRODUCT_BUNDLE_IDENTIFIER = com.keshwendu.FlickrGalleryTests;
				PRODUCT_NAME = "$(TARGET_NAME)";
				SWIFT_VERSION = 4.0;
				TARGETED_DEVICE_FAMILY = "1,2";
				TEST_HOST = "$(BUILT_PRODUCTS_DIR)/FlickrGallery.app/FlickrGallery";
			};
			name = Release;
		};
		6706E1EE217C9F6400FFDB58 /* Debug */ = {
			isa = XCBuildConfiguration;
			buildSettings = {
				ALWAYS_EMBED_SWIFT_STANDARD_LIBRARIES = YES;
				CODE_SIGN_STYLE = Automatic;
				DEVELOPMENT_TEAM = 6V4KXR9W6H;
				INFOPLIST_FILE = FlickrGalleryUITests/Info.plist;
				LD_RUNPATH_SEARCH_PATHS = (
					"$(inherited)",
					"@executable_path/Frameworks",
					"@loader_path/Frameworks",
				);
				PRODUCT_BUNDLE_IDENTIFIER = com.keshwendu.FlickrGalleryUITests;
				PRODUCT_NAME = "$(TARGET_NAME)";
				SWIFT_VERSION = 4.0;
				TARGETED_DEVICE_FAMILY = "1,2";
				TEST_TARGET_NAME = FlickrGallery;
			};
			name = Debug;
		};
		6706E1EF217C9F6400FFDB58 /* Release */ = {
			isa = XCBuildConfiguration;
			buildSettings = {
				ALWAYS_EMBED_SWIFT_STANDARD_LIBRARIES = YES;
				CODE_SIGN_STYLE = Automatic;
				DEVELOPMENT_TEAM = 6V4KXR9W6H;
				INFOPLIST_FILE = FlickrGalleryUITests/Info.plist;
				LD_RUNPATH_SEARCH_PATHS = (
					"$(inherited)",
					"@executable_path/Frameworks",
					"@loader_path/Frameworks",
				);
				PRODUCT_BUNDLE_IDENTIFIER = com.keshwendu.FlickrGalleryUITests;
				PRODUCT_NAME = "$(TARGET_NAME)";
				SWIFT_VERSION = 4.0;
				TARGETED_DEVICE_FAMILY = "1,2";
				TEST_TARGET_NAME = FlickrGallery;
			};
			name = Release;
		};
/* End XCBuildConfiguration section */

/* Begin XCConfigurationList section */
		6706E1BA217C9F6200FFDB58 /* Build configuration list for PBXProject "FlickrGallery" */ = {
			isa = XCConfigurationList;
			buildConfigurations = (
				6706E1E5217C9F6400FFDB58 /* Debug */,
				6706E1E6217C9F6400FFDB58 /* Release */,
			);
			defaultConfigurationIsVisible = 0;
			defaultConfigurationName = Release;
		};
		6706E1E7217C9F6400FFDB58 /* Build configuration list for PBXNativeTarget "FlickrGallery" */ = {
			isa = XCConfigurationList;
			buildConfigurations = (
				6706E1E8217C9F6400FFDB58 /* Debug */,
				6706E1E9217C9F6400FFDB58 /* Release */,
			);
			defaultConfigurationIsVisible = 0;
			defaultConfigurationName = Release;
		};
		6706E1EA217C9F6400FFDB58 /* Build configuration list for PBXNativeTarget "FlickrGalleryTests" */ = {
			isa = XCConfigurationList;
			buildConfigurations = (
				6706E1EB217C9F6400FFDB58 /* Debug */,
				6706E1EC217C9F6400FFDB58 /* Release */,
			);
			defaultConfigurationIsVisible = 0;
			defaultConfigurationName = Release;
		};
		6706E1ED217C9F6400FFDB58 /* Build configuration list for PBXNativeTarget "FlickrGalleryUITests" */ = {
			isa = XCConfigurationList;
			buildConfigurations = (
				6706E1EE217C9F6400FFDB58 /* Debug */,
				6706E1EF217C9F6400FFDB58 /* Release */,
			);
			defaultConfigurationIsVisible = 0;
			defaultConfigurationName = Release;
		};
/* End XCConfigurationList section */
	};
	rootObject = 6706E1B7217C9F6200FFDB58 /* Project object */;
}
